// !$*UTF8*$!
{
	archiveVersion = 1;
	classes = {
	};
	objectVersion = 46;
	objects = {

/* Begin PBXBuildFile section */
		D7886B4E18E96CDB00285828 /* Foundation.framework in Frameworks */ = {isa = PBXBuildFile; fileRef = D7886B4D18E96CDB00285828 /* Foundation.framework */; };
		D7886B5018E96CDB00285828 /* CoreGraphics.framework in Frameworks */ = {isa = PBXBuildFile; fileRef = D7886B4F18E96CDB00285828 /* CoreGraphics.framework */; };
		D7886B5218E96CDB00285828 /* UIKit.framework in Frameworks */ = {isa = PBXBuildFile; fileRef = D7886B5118E96CDB00285828 /* UIKit.framework */; };
		D7886B5818E96CDB00285828 /* InfoPlist.strings in Resources */ = {isa = PBXBuildFile; fileRef = D7886B5618E96CDB00285828 /* InfoPlist.strings */; };
		D7886B5A18E96CDB00285828 /* main.m in Sources */ = {isa = PBXBuildFile; fileRef = D7886B5918E96CDB00285828 /* main.m */; };
		D7886B5E18E96CDB00285828 /* XXAppDelegate.m in Sources */ = {isa = PBXBuildFile; fileRef = D7886B5D18E96CDB00285828 /* XXAppDelegate.m */; };
		D7886B6118E96CDB00285828 /* Main.storyboard in Resources */ = {isa = PBXBuildFile; fileRef = D7886B5F18E96CDB00285828 /* Main.storyboard */; };
		D7886B6418E96CDB00285828 /* XXViewController.m in Sources */ = {isa = PBXBuildFile; fileRef = D7886B6318E96CDB00285828 /* XXViewController.m */; };
		D7886B6618E96CDB00285828 /* Images.xcassets in Resources */ = {isa = PBXBuildFile; fileRef = D7886B6518E96CDB00285828 /* Images.xcassets */; };
		D7886B6D18E96CDB00285828 /* XCTest.framework in Frameworks */ = {isa = PBXBuildFile; fileRef = D7886B6C18E96CDB00285828 /* XCTest.framework */; };
		D7886B6E18E96CDB00285828 /* Foundation.framework in Frameworks */ = {isa = PBXBuildFile; fileRef = D7886B4D18E96CDB00285828 /* Foundation.framework */; };
		D7886B6F18E96CDB00285828 /* UIKit.framework in Frameworks */ = {isa = PBXBuildFile; fileRef = D7886B5118E96CDB00285828 /* UIKit.framework */; };
		D7886B7718E96CDB00285828 /* InfoPlist.strings in Resources */ = {isa = PBXBuildFile; fileRef = D7886B7518E96CDB00285828 /* InfoPlist.strings */; };
		D7886B7918E96CDB00285828 /* CoreGraphicTutorialTests.m in Sources */ = {isa = PBXBuildFile; fileRef = D7886B7818E96CDB00285828 /* CoreGraphicTutorialTests.m */; };
/* End PBXBuildFile section */

/* Begin PBXContainerItemProxy section */
		D7886B7018E96CDB00285828 /* PBXContainerItemProxy */ = {
			isa = PBXContainerItemProxy;
			containerPortal = D7886B4218E96CDB00285828 /* Project object */;
			proxyType = 1;
			remoteGlobalIDString = D7886B4918E96CDB00285828;
			remoteInfo = CoreGraphicTutorial;
		};
/* End PBXContainerItemProxy section */

/* Begin PBXFileReference section */
		D7886B4A18E96CDB00285828 /* CoreGraphicTutorial.app */ = {isa = PBXFileReference; explicitFileType = wrapper.application; includeInIndex = 0; path = CoreGraphicTutorial.app; sourceTree = BUILT_PRODUCTS_DIR; };
		D7886B4D18E96CDB00285828 /* Foundation.framework */ = {isa = PBXFileReference; lastKnownFileType = wrapper.framework; name = Foundation.framework; path = System/Library/Frameworks/Foundation.framework; sourceTree = SDKROOT; };
		D7886B4F18E96CDB00285828 /* CoreGraphics.framework */ = {isa = PBXFileReference; lastKnownFileType = wrapper.framework; name = CoreGraphics.framework; path = System/Library/Frameworks/CoreGraphics.framework; sourceTree = SDKROOT; };
		D7886B5118E96CDB00285828 /* UIKit.framework */ = {isa = PBXFileReference; lastKnownFileType = wrapper.framework; name = UIKit.framework; path = System/Library/Frameworks/UIKit.framework; sourceTree = SDKROOT; };
		D7886B5518E96CDB00285828 /* CoreGraphicTutorial-Info.plist */ = {isa = PBXFileReference; lastKnownFileType = text.plist.xml; path = "CoreGraphicTutorial-Info.plist"; sourceTree = "<group>"; };
		D7886B5718E96CDB00285828 /* en */ = {isa = PBXFileReference; lastKnownFileType = text.plist.strings; name = en; path = en.lproj/InfoPlist.strings; sourceTree = "<group>"; };
		D7886B5918E96CDB00285828 /* main.m */ = {isa = PBXFileReference; lastKnownFileType = sourcecode.c.objc; path = main.m; sourceTree = "<group>"; };
		D7886B5B18E96CDB00285828 /* CoreGraphicTutorial-Prefix.pch */ = {isa = PBXFileReference; lastKnownFileType = sourcecode.c.h; path = "CoreGraphicTutorial-Prefix.pch"; sourceTree = "<group>"; };
		D7886B5C18E96CDB00285828 /* XXAppDelegate.h */ = {isa = PBXFileReference; lastKnownFileType = sourcecode.c.h; path = XXAppDelegate.h; sourceTree = "<group>"; };
		D7886B5D18E96CDB00285828 /* XXAppDelegate.m */ = {isa = PBXFileReference; lastKnownFileType = sourcecode.c.objc; path = XXAppDelegate.m; sourceTree = "<group>"; };
		D7886B6018E96CDB00285828 /* Base */ = {isa = PBXFileReference; lastKnownFileType = file.storyboard; name = Base; path = Base.lproj/Main.storyboard; sourceTree = "<group>"; };
		D7886B6218E96CDB00285828 /* XXViewController.h */ = {isa = PBXFileReference; lastKnownFileType = sourcecode.c.h; path = XXViewController.h; sourceTree = "<group>"; };
		D7886B6318E96CDB00285828 /* XXViewController.m */ = {isa = PBXFileReference; lastKnownFileType = sourcecode.c.objc; path = XXViewController.m; sourceTree = "<group>"; };
		D7886B6518E96CDB00285828 /* Images.xcassets */ = {isa = PBXFileReference; lastKnownFileType = folder.assetcatalog; path = Images.xcassets; sourceTree = "<group>"; };
		D7886B6B18E96CDB00285828 /* CoreGraphicTutorialTests.xctest */ = {isa = PBXFileReference; explicitFileType = wrapper.cfbundle; includeInIndex = 0; path = CoreGraphicTutorialTests.xctest; sourceTree = BUILT_PRODUCTS_DIR; };
		D7886B6C18E96CDB00285828 /* XCTest.framework */ = {isa = PBXFileReference; lastKnownFileType = wrapper.framework; name = XCTest.framework; path = Library/Frameworks/XCTest.framework; sourceTree = DEVELOPER_DIR; };
		D7886B7418E96CDB00285828 /* CoreGraphicTutorialTests-Info.plist */ = {isa = PBXFileReference; lastKnownFileType = text.plist.xml; path = "CoreGraphicTutorialTests-Info.plist"; sourceTree = "<group>"; };
		D7886B7618E96CDB00285828 /* en */ = {isa = PBXFileReference; lastKnownFileType = text.plist.strings; name = en; path = en.lproj/InfoPlist.strings; sourceTree = "<group>"; };
		D7886B7818E96CDB00285828 /* CoreGraphicTutorialTests.m */ = {isa = PBXFileReference; lastKnownFileType = sourcecode.c.objc; path = CoreGraphicTutorialTests.m; sourceTree = "<group>"; };
/* End PBXFileReference section */

/* Begin PBXFrameworksBuildPhase section */
		D7886B4718E96CDB00285828 /* Frameworks */ = {
			isa = PBXFrameworksBuildPhase;
			buildActionMask = 2147483647;
			files = (
				D7886B5018E96CDB00285828 /* CoreGraphics.framework in Frameworks */,
				D7886B5218E96CDB00285828 /* UIKit.framework in Frameworks */,
				D7886B4E18E96CDB00285828 /* Foundation.framework in Frameworks */,
			);
			runOnlyForDeploymentPostprocessing = 0;
		};
		D7886B6818E96CDB00285828 /* Frameworks */ = {
			isa = PBXFrameworksBuildPhase;
			buildActionMask = 2147483647;
			files = (
				D7886B6D18E96CDB00285828 /* XCTest.framework in Frameworks */,
				D7886B6F18E96CDB00285828 /* UIKit.framework in Frameworks */,
				D7886B6E18E96CDB00285828 /* Foundation.framework in Frameworks */,
			);
			runOnlyForDeploymentPostprocessing = 0;
		};
/* End PBXFrameworksBuildPhase section */

/* Begin PBXGroup section */
		D7886B4118E96CDB00285828 = {
			isa = PBXGroup;
			children = (
				D7886B5318E96CDB00285828 /* CoreGraphicTutorial */,
				D7886B7218E96CDB00285828 /* CoreGraphicTutorialTests */,
				D7886B4C18E96CDB00285828 /* Frameworks */,
				D7886B4B18E96CDB00285828 /* Products */,
			);
			sourceTree = "<group>";
		};
		D7886B4B18E96CDB00285828 /* Products */ = {
			isa = PBXGroup;
			children = (
				D7886B4A18E96CDB00285828 /* CoreGraphicTutorial.app */,
				D7886B6B18E96CDB00285828 /* CoreGraphicTutorialTests.xctest */,
			);
			name = Products;
			sourceTree = "<group>";
		};
		D7886B4C18E96CDB00285828 /* Frameworks */ = {
			isa = PBXGroup;
			children = (
				D7886B4D18E96CDB00285828 /* Foundation.framework */,
				D7886B4F18E96CDB00285828 /* CoreGraphics.framework */,
				D7886B5118E96CDB00285828 /* UIKit.framework */,
				D7886B6C18E96CDB00285828 /* XCTest.framework */,
			);
			name = Frameworks;
			sourceTree = "<group>";
		};
		D7886B5318E96CDB00285828 /* CoreGraphicTutorial */ = {
			isa = PBXGroup;
			children = (
				D7886B5C18E96CDB00285828 /* XXAppDelegate.h */,
				D7886B5D18E96CDB00285828 /* XXAppDelegate.m */,
				D7886B5F18E96CDB00285828 /* Main.storyboard */,
				D7886B6218E96CDB00285828 /* XXViewController.h */,
				D7886B6318E96CDB00285828 /* XXViewController.m */,
				D7886B6518E96CDB00285828 /* Images.xcassets */,
				D7886B5418E96CDB00285828 /* Supporting Files */,
			);
			path = CoreGraphicTutorial;
			sourceTree = "<group>";
		};
		D7886B5418E96CDB00285828 /* Supporting Files */ = {
			isa = PBXGroup;
			children = (
				D7886B5518E96CDB00285828 /* CoreGraphicTutorial-Info.plist */,
				D7886B5618E96CDB00285828 /* InfoPlist.strings */,
				D7886B5918E96CDB00285828 /* main.m */,
				D7886B5B18E96CDB00285828 /* CoreGraphicTutorial-Prefix.pch */,
			);
			name = "Supporting Files";
			sourceTree = "<group>";
		};
		D7886B7218E96CDB00285828 /* CoreGraphicTutorialTests */ = {
			isa = PBXGroup;
			children = (
				D7886B7818E96CDB00285828 /* CoreGraphicTutorialTests.m */,
				D7886B7318E96CDB00285828 /* Supporting Files */,
			);
			path = CoreGraphicTutorialTests;
			sourceTree = "<group>";
		};
		D7886B7318E96CDB00285828 /* Supporting Files */ = {
			isa = PBXGroup;
			children = (
				D7886B7418E96CDB00285828 /* CoreGraphicTutorialTests-Info.plist */,
				D7886B7518E96CDB00285828 /* InfoPlist.strings */,
			);
			name = "Supporting Files";
			sourceTree = "<group>";
		};
/* End PBXGroup section */

/* Begin PBXNativeTarget section */
		D7886B4918E96CDB00285828 /* CoreGraphicTutorial */ = {
			isa = PBXNativeTarget;
			buildConfigurationList = D7886B7C18E96CDB00285828 /* Build configuration list for PBXNativeTarget "CoreGraphicTutorial" */;
			buildPhases = (
				D7886B4618E96CDB00285828 /* Sources */,
				D7886B4718E96CDB00285828 /* Frameworks */,
				D7886B4818E96CDB00285828 /* Resources */,
			);
			buildRules = (
			);
			dependencies = (
			);
			name = CoreGraphicTutorial;
			productName = CoreGraphicTutorial;
			productReference = D7886B4A18E96CDB00285828 /* CoreGraphicTutorial.app */;
			productType = "com.apple.product-type.application";
		};
		D7886B6A18E96CDB00285828 /* CoreGraphicTutorialTests */ = {
			isa = PBXNativeTarget;
			buildConfigurationList = D7886B7F18E96CDB00285828 /* Build configuration list for PBXNativeTarget "CoreGraphicTutorialTests" */;
			buildPhases = (
				D7886B6718E96CDB00285828 /* Sources */,
				D7886B6818E96CDB00285828 /* Frameworks */,
				D7886B6918E96CDB00285828 /* Resources */,
			);
			buildRules = (
			);
			dependencies = (
				D7886B7118E96CDB00285828 /* PBXTargetDependency */,
			);
			name = CoreGraphicTutorialTests;
			productName = CoreGraphicTutorialTests;
			productReference = D7886B6B18E96CDB00285828 /* CoreGraphicTutorialTests.xctest */;
			productType = "com.apple.product-type.bundle.unit-test";
		};
/* End PBXNativeTarget section */

/* Begin PBXProject section */
		D7886B4218E96CDB00285828 /* Project object */ = {
			isa = PBXProject;
			attributes = {
				CLASSPREFIX = XX;
				LastUpgradeCheck = 0510;
				ORGANIZATIONNAME = "Xu Xian";
				TargetAttributes = {
					D7886B6A18E96CDB00285828 = {
						TestTargetID = D7886B4918E96CDB00285828;
					};
				};
			};
			buildConfigurationList = D7886B4518E96CDB00285828 /* Build configuration list for PBXProject "CoreGraphicTutorial" */;
			compatibilityVersion = "Xcode 3.2";
			developmentRegion = English;
			hasScannedForEncodings = 0;
			knownRegions = (
				en,
				Base,
			);
			mainGroup = D7886B4118E96CDB00285828;
			productRefGroup = D7886B4B18E96CDB00285828 /* Products */;
			projectDirPath = "";
			projectRoot = "";
			targets = (
				D7886B4918E96CDB00285828 /* CoreGraphicTutorial */,
				D7886B6A18E96CDB00285828 /* CoreGraphicTutorialTests */,
			);
		};
/* End PBXProject section */

/* Begin PBXResourcesBuildPhase section */
		D7886B4818E96CDB00285828 /* Resources */ = {
			isa = PBXResourcesBuildPhase;
			buildActionMask = 2147483647;
			files = (
				D7886B6618E96CDB00285828 /* Images.xcassets in Resources */,
				D7886B5818E96CDB00285828 /* InfoPlist.strings in Resources */,
				D7886B6118E96CDB00285828 /* Main.storyboard in Resources */,
			);
			runOnlyForDeploymentPostprocessing = 0;
		};
		D7886B6918E96CDB00285828 /* Resources */ = {
			isa = PBXResourcesBuildPhase;
			buildActionMask = 2147483647;
			files = (
				D7886B7718E96CDB00285828 /* InfoPlist.strings in Resources */,
			);
			runOnlyForDeploymentPostprocessing = 0;
		};
/* End PBXResourcesBuildPhase section */

/* Begin PBXSourcesBuildPhase section */
		D7886B4618E96CDB00285828 /* Sources */ = {
			isa = PBXSourcesBuildPhase;
			buildActionMask = 2147483647;
			files = (
				D7886B5E18E96CDB00285828 /* XXAppDelegate.m in Sources */,
				D7886B6418E96CDB00285828 /* XXViewController.m in Sources */,
				D7886B5A18E96CDB00285828 /* main.m in Sources */,
			);
			runOnlyForDeploymentPostprocessing = 0;
		};
		D7886B6718E96CDB00285828 /* Sources */ = {
			isa = PBXSourcesBuildPhase;
			buildActionMask = 2147483647;
			files = (
				D7886B7918E96CDB00285828 /* CoreGraphicTutorialTests.m in Sources */,
			);
			runOnlyForDeploymentPostprocessing = 0;
		};
/* End PBXSourcesBuildPhase section */

/* Begin PBXTargetDependency section */
		D7886B7118E96CDB00285828 /* PBXTargetDependency */ = {
			isa = PBXTargetDependency;
			target = D7886B4918E96CDB00285828 /* CoreGraphicTutorial */;
			targetProxy = D7886B7018E96CDB00285828 /* PBXContainerItemProxy */;
		};
/* End PBXTargetDependency section */

/* Begin PBXVariantGroup section */
		D7886B5618E96CDB00285828 /* InfoPlist.strings */ = {
			isa = PBXVariantGroup;
			children = (
				D7886B5718E96CDB00285828 /* en */,
			);
			name = InfoPlist.strings;
			sourceTree = "<group>";
		};
		D7886B5F18E96CDB00285828 /* Main.storyboard */ = {
			isa = PBXVariantGroup;
			children = (
				D7886B6018E96CDB00285828 /* Base */,
			);
			name = Main.storyboard;
			sourceTree = "<group>";
		};
		D7886B7518E96CDB00285828 /* InfoPlist.strings */ = {
			isa = PBXVariantGroup;
			children = (
				D7886B7618E96CDB00285828 /* en */,
			);
			name = InfoPlist.strings;
			sourceTree = "<group>";
		};
/* End PBXVariantGroup section */

/* Begin XCBuildConfiguration section */
		D7886B7A18E96CDB00285828 /* Debug */ = {
			isa = XCBuildConfiguration;
			buildSettings = {
				ALWAYS_SEARCH_USER_PATHS = NO;
				CLANG_CXX_LANGUAGE_STANDARD = "gnu++0x";
				CLANG_CXX_LIBRARY = "libc++";
				CLANG_ENABLE_MODULES = YES;
				CLANG_ENABLE_OBJC_ARC = YES;
				CLANG_WARN_BOOL_CONVERSION = YES;
				CLANG_WARN_CONSTANT_CONVERSION = YES;
				CLANG_WARN_DIRECT_OBJC_ISA_USAGE = YES_ERROR;
				CLANG_WARN_EMPTY_BODY = YES;
				CLANG_WARN_ENUM_CONVERSION = YES;
				CLANG_WARN_INT_CONVERSION = YES;
				CLANG_WARN_OBJC_ROOT_CLASS = YES_ERROR;
				CLANG_WARN__DUPLICATE_METHOD_MATCH = YES;
				"CODE_SIGN_IDENTITY[sdk=iphoneos*]" = "iPhone Developer";
				COPY_PHASE_STRIP = NO;
				GCC_C_LANGUAGE_STANDARD = gnu99;
				GCC_DYNAMIC_NO_PIC = NO;
				GCC_OPTIMIZATION_LEVEL = 0;
				GCC_PREPROCESSOR_DEFINITIONS = (
					"DEBUG=1",
					"$(inherited)",
				);
				GCC_SYMBOLS_PRIVATE_EXTERN = NO;
				GCC_WARN_64_TO_32_BIT_CONVERSION = YES;
				GCC_WARN_ABOUT_RETURN_TYPE = YES_ERROR;
				GCC_WARN_UNDECLARED_SELECTOR = YES;
				GCC_WARN_UNINITIALIZED_AUTOS = YES_AGGRESSIVE;
				GCC_WARN_UNUSED_FUNCTION = YES;
				GCC_WARN_UNUSED_VARIABLE = YES;
				IPHONEOS_DEPLOYMENT_TARGET = 7.1;
				ONLY_ACTIVE_ARCH = YES;
				SDKROOT = iphoneos;
			};
			name = Debug;
		};
		D7886B7B18E96CDB00285828 /* Release */ = {
			isa = XCBuildConfiguration;
			buildSettings = {
				ALWAYS_SEARCH_USER_PATHS = NO;
				CLANG_CXX_LANGUAGE_STANDARD = "gnu++0x";
				CLANG_CXX_LIBRARY = "libc++";
				CLANG_ENABLE_MODULES = YES;
				CLANG_ENABLE_OBJC_ARC = YES;
				CLANG_WARN_BOOL_CONVERSION = YES;
				CLANG_WARN_CONSTANT_CONVERSION = YES;
				CLANG_WARN_DIRECT_OBJC_ISA_USAGE = YES_ERROR;
				CLANG_WARN_EMPTY_BODY = YES;
				CLANG_WARN_ENUM_CONVERSION = YES;
				CLANG_WARN_INT_CONVERSION = YES;
				CLANG_WARN_OBJC_ROOT_CLASS = YES_ERROR;
				CLANG_WARN__DUPLICATE_METHOD_MATCH = YES;
				"CODE_SIGN_IDENTITY[sdk=iphoneos*]" = "iPhone Developer";
				COPY_PHASE_STRIP = YES;
				ENABLE_NS_ASSERTIONS = NO;
				GCC_C_LANGUAGE_STANDARD = gnu99;
				GCC_WARN_64_TO_32_BIT_CONVERSION = YES;
				GCC_WARN_ABOUT_RETURN_TYPE = YES_ERROR;
				GCC_WARN_UNDECLARED_SELECTOR = YES;
				GCC_WARN_UNINITIALIZED_AUTOS = YES_AGGRESSIVE;
				GCC_WARN_UNUSED_FUNCTION = YES;
				GCC_WARN_UNUSED_VARIABLE = YES;
				IPHONEOS_DEPLOYMENT_TARGET = 7.1;
				SDKROOT = iphoneos;
				VALIDATE_PRODUCT = YES;
			};
			name = Release;
		};
		D7886B7D18E96CDB00285828 /* Debug */ = {
			isa = XCBuildConfiguration;
			buildSettings = {
				ASSETCATALOG_COMPILER_APPICON_NAME = AppIcon;
				ASSETCATALOG_COMPILER_LAUNCHIMAGE_NAME = LaunchImage;
				GCC_PRECOMPILE_PREFIX_HEADER = YES;
				GCC_PREFIX_HEADER = "CoreGraphicTutorial/CoreGraphicTutorial-Prefix.pch";
				INFOPLIST_FILE = "CoreGraphicTutorial/CoreGraphicTutorial-Info.plist";
				PRODUCT_NAME = "$(TARGET_NAME)";
				WRAPPER_EXTENSION = app;
			};
			name = Debug;
		};
		D7886B7E18E96CDB00285828 /* Release */ = {
			isa = XCBuildConfiguration;
			buildSettings = {
				ASSETCATALOG_COMPILER_APPICON_NAME = AppIcon;
				ASSETCATALOG_COMPILER_LAUNCHIMAGE_NAME = LaunchImage;
				GCC_PRECOMPILE_PREFIX_HEADER = YES;
				GCC_PREFIX_HEADER = "CoreGraphicTutorial/CoreGraphicTutorial-Prefix.pch";
				INFOPLIST_FILE = "CoreGraphicTutorial/CoreGraphicTutorial-Info.plist";
				PRODUCT_NAME = "$(TARGET_NAME)";
				WRAPPER_EXTENSION = app;
			};
			name = Release;
		};
		D7886B8018E96CDB00285828 /* Debug */ = {
			isa = XCBuildConfiguration;
			buildSettings = {
				BUNDLE_LOADER = "$(BUILT_PRODUCTS_DIR)/CoreGraphicTutorial.app/CoreGraphicTutorial";
				FRAMEWORK_SEARCH_PATHS = (
					"$(SDKROOT)/Developer/Library/Frameworks",
					"$(inherited)",
					"$(DEVELOPER_FRAMEWORKS_DIR)",
				);
				GCC_PRECOMPILE_PREFIX_HEADER = YES;
				GCC_PREFIX_HEADER = "CoreGraphicTutorial/CoreGraphicTutorial-Prefix.pch";
				GCC_PREPROCESSOR_DEFINITIONS = (
					"DEBUG=1",
					"$(inherited)",
				);
				INFOPLIST_FILE = "CoreGraphicTutorialTests/CoreGraphicTutorialTests-Info.plist";
				PRODUCT_NAME = "$(TARGET_NAME)";
				TEST_HOST = "$(BUNDLE_LOADER)";
				WRAPPER_EXTENSION = xctest;
			};
			name = Debug;
		};
		D7886B8118E96CDB00285828 /* Release */ = {
			isa = XCBuildConfiguration;
			buildSettings = {
				BUNDLE_LOADER = "$(BUILT_PRODUCTS_DIR)/CoreGraphicTutorial.app/CoreGraphicTutorial";
				FRAMEWORK_SEARCH_PATHS = (
					"$(SDKROOT)/Developer/Library/Frameworks",
					"$(inherited)",
					"$(DEVELOPER_FRAMEWORKS_DIR)",
				);
				GCC_PRECOMPILE_PREFIX_HEADER = YES;
				GCC_PREFIX_HEADER = "CoreGraphicTutorial/CoreGraphicTutorial-Prefix.pch";
				INFOPLIST_FILE = "CoreGraphicTutorialTests/CoreGraphicTutorialTests-Info.plist";
				PRODUCT_NAME = "$(TARGET_NAME)";
				TEST_HOST = "$(BUNDLE_LOADER)";
				WRAPPER_EXTENSION = xctest;
			};
			name = Release;
		};
/* End XCBuildConfiguration section */

/* Begin XCConfigurationList section */
		D7886B4518E96CDB00285828 /* Build configuration list for PBXProject "CoreGraphicTutorial" */ = {
			isa = XCConfigurationList;
			buildConfigurations = (
				D7886B7A18E96CDB00285828 /* Debug */,
				D7886B7B18E96CDB00285828 /* Release */,
			);
			defaultConfigurationIsVisible = 0;
			defaultConfigurationName = Release;
		};
		D7886B7C18E96CDB00285828 /* Build configuration list for PBXNativeTarget "CoreGraphicTutorial" */ = {
			isa = XCConfigurationList;
			buildConfigurations = (
				D7886B7D18E96CDB00285828 /* Debug */,
				D7886B7E18E96CDB00285828 /* Release */,
			);
			defaultConfigurationIsVisible = 0;
		};
		D7886B7F18E96CDB00285828 /* Build configuration list for PBXNativeTarget "CoreGraphicTutorialTests" */ = {
			isa = XCConfigurationList;
			buildConfigurations = (
				D7886B8018E96CDB00285828 /* Debug */,
				D7886B8118E96CDB00285828 /* Release */,
			);
			defaultConfigurationIsVisible = 0;
		};
/* End XCConfigurationList section */
	};
	rootObject = D7886B4218E96CDB00285828 /* Project object */;
}
